{
  "name": "parcel-transformer-pandoc",
  "version": "1.0.0",
  "lockfileVersion": 2,
  "requires": true,
  "packages": {
    "": {
      "version": "1.0.0",
      "license": "ISC",
      "dependencies": {
        "@parcel/plugin": "^2.0.0-alpha.3"
      },
      "engines": {
        "parcel": "2.x"
      }
    },
    "node_modules/@parcel/plugin": {
      "version": "2.0.0-alpha.3",
      "resolved": "https://registry.npmjs.org/@parcel/plugin/-/plugin-2.0.0-alpha.3.tgz",
      "integrity": "sha512-2nfjd7ujL042gP7ssJ4JRyxEirp5Fuz+Vf4sk4aky3oWVuY9YmUqce0UNUMaIlh911xERo5uagy1jYOSa7gp6g==",
      "dependencies": {
        "@parcel/types": "^2.0.0-alpha.3"
      },
      "engines": {
        "node": ">= 10.0.0"
      }
    },
    "node_modules/@parcel/types": {
      "version": "2.0.0-alpha.3",
      "resolved": "https://registry.npmjs.org/@parcel/types/-/types-2.0.0-alpha.3.tgz",
      "integrity": "sha512-n4c346lpwhEUFJ3Xv4DUAATLnAqdKkNfEqFW+bfnS8WFBl3bUlaJW4JqHYQ63enoEvMKoD5Rs9/WrhqZ71X8Dg=="
    }
  },
  "dependencies": {
    "@parcel/plugin": {
      "version": "2.0.0-alpha.3",
      "resolved": "https://registry.npmjs.org/@parcel/plugin/-/plugin-2.0.0-alpha.3.tgz",
      "integrity": "sha512-2nfjd7ujL042gP7ssJ4JRyxEirp5Fuz+Vf4sk4aky3oWVuY9YmUqce0UNUMaIlh911xERo5uagy1jYOSa7gp6g==",
      "requires": {
        "@parcel/types": "^2.0.0-alpha.3"
      }
    },
    "@parcel/types": {
      "version": "2.0.0-alpha.3",
      "resolved": "https://registry.npmjs.org/@parcel/types/-/types-2.0.0-alpha.3.tgz",
      "integrity": "sha512-n4c346lpwhEUFJ3Xv4DUAATLnAqdKkNfEqFW+bfnS8WFBl3bUlaJW4JqHYQ63enoEvMKoD5Rs9/WrhqZ71X8Dg=="
    }
  }
}
